# This file is automatically @generated by Wally.
# It is not intended for manual editing.
registry = "test"

[[package]]
name = "nottirb/fusion-test"
version = "0.1.2-beta"
dependencies = []

[[package]]
name = "nottirb/sui"
version = "0.0.1-beta"
dependencies = [["Fusion", "nottirb/fusion-test@0.1.2-beta"]]
